// !$*UTF8*$!
{
	archiveVersion = 1;
	classes = {
	};
	objectVersion = 51;
	objects = {

/* Begin PBXBuildFile section */
		03BCEC50244938C500ED7177 /* BaseViewController.swift in Sources */ = {isa = PBXBuildFile; fileRef = 03BCEC4F244938C500ED7177 /* BaseViewController.swift */; };
		03BCEC762449EB5000ED7177 /* LogViewController.swift in Sources */ = {isa = PBXBuildFile; fileRef = 03BCEC752449EB4F00ED7177 /* LogViewController.swift */; };
		03D13BD02448758900B599B3 /* AppDelegate.swift in Sources */ = {isa = PBXBuildFile; fileRef = 03D13BCF2448758900B599B3 /* AppDelegate.swift */; };
		03D13BD42448758900B599B3 /* ViewController.swift in Sources */ = {isa = PBXBuildFile; fileRef = 03D13BD32448758900B599B3 /* ViewController.swift */; };
		03D13BD72448758900B599B3 /* Main.storyboard in Resources */ = {isa = PBXBuildFile; fileRef = 03D13BD52448758900B599B3 /* Main.storyboard */; };
		03D13BD92448758B00B599B3 /* Assets.xcassets in Resources */ = {isa = PBXBuildFile; fileRef = 03D13BD82448758B00B599B3 /* Assets.xcassets */; };
		03D13BDC2448758B00B599B3 /* LaunchScreen.storyboard in Resources */ = {isa = PBXBuildFile; fileRef = 03D13BDA2448758B00B599B3 /* LaunchScreen.storyboard */; };
		03D13C0124488F1F00B599B3 /* KeyCenter.swift in Sources */ = {isa = PBXBuildFile; fileRef = 03D13C0024488F1E00B599B3 /* KeyCenter.swift */; };
		8407E0942472320800AC5DE8 /* (null) in Sources */ = {isa = PBXBuildFile; };
		A70FE7B42489EEC000C38E3C /* (null) in Sources */ = {isa = PBXBuildFile; };
		A70FE7B52489EEEA00C38E3C /* VideoView.swift in Sources */ = {isa = PBXBuildFile; fileRef = A7CA48C524553D3500507435 /* VideoView.swift */; };
		A70FE7B62489EF3800C38E3C /* StatisticsInfo.swift in Sources */ = {isa = PBXBuildFile; fileRef = A7847F912458062900469187 /* StatisticsInfo.swift */; };
		A70FE7B72489EFC200C38E3C /* KeyCenter.swift in Sources */ = {isa = PBXBuildFile; fileRef = 03D13C0024488F1E00B599B3 /* KeyCenter.swift */; };
		A70FE7B82489F04500C38E3C /* AgoraExtension.swift in Sources */ = {isa = PBXBuildFile; fileRef = A7847F932458089E00469187 /* AgoraExtension.swift */; };
		A7584AF02480B4FE0088FACB /* Popover.storyboard in Resources */ = {isa = PBXBuildFile; fileRef = A7584AEF2480B4FE0088FACB /* Popover.storyboard */; };
		A7584B052480C0F80088FACB /* BaseViewController.swift in Sources */ = {isa = PBXBuildFile; fileRef = 03BCEC4F244938C500ED7177 /* BaseViewController.swift */; };
		A7584B062480E18A0088FACB /* LogViewController.swift in Sources */ = {isa = PBXBuildFile; fileRef = 03BCEC752449EB4F00ED7177 /* LogViewController.swift */; };
		A75A56DB24A0603100D0089E /* JoinChannelVideo.swift in Sources */ = {isa = PBXBuildFile; fileRef = A75A56D424A0603000D0089E /* JoinChannelVideo.swift */; };
		A75A56DC24A0603100D0089E /* JoinChannelAudio.swift in Sources */ = {isa = PBXBuildFile; fileRef = A75A56D524A0603000D0089E /* JoinChannelAudio.swift */; };
		A75A56DD24A0603100D0089E /* RTMPStreaming.swift in Sources */ = {isa = PBXBuildFile; fileRef = A75A56D824A0603000D0089E /* RTMPStreaming.swift */; };
		A75A56DE24A0603100D0089E /* VideoMetadata.swift in Sources */ = {isa = PBXBuildFile; fileRef = A75A56D924A0603000D0089E /* VideoMetadata.swift */; };
		A75A56DF24A0603100D0089E /* RTMPInjection.swift in Sources */ = {isa = PBXBuildFile; fileRef = A75A56DA24A0603000D0089E /* RTMPInjection.swift */; };
		A75A56E124A06AA600D0089E /* ReplaceSegue.swift in Sources */ = {isa = PBXBuildFile; fileRef = A75A56E024A06AA600D0089E /* ReplaceSegue.swift */; };
		A75A56E224A06DBC00D0089E /* JoinChannelVideo.swift in Sources */ = {isa = PBXBuildFile; fileRef = A75A56D424A0603000D0089E /* JoinChannelVideo.swift */; };
		A77E575124A89AFF00DD7670 /* JoinChannelAudio.swift in Sources */ = {isa = PBXBuildFile; fileRef = A75A56D524A0603000D0089E /* JoinChannelAudio.swift */; };
		A7847F922458062900469187 /* StatisticsInfo.swift in Sources */ = {isa = PBXBuildFile; fileRef = A7847F912458062900469187 /* StatisticsInfo.swift */; };
		A7847F942458089E00469187 /* AgoraExtension.swift in Sources */ = {isa = PBXBuildFile; fileRef = A7847F932458089E00469187 /* AgoraExtension.swift */; };
		A79DE38E24A33D4500F1A234 /* Pods_APIExample_Mac.framework in Frameworks */ = {isa = PBXBuildFile; fileRef = 960FD7C836F90E68E6776106 /* Pods_APIExample_Mac.framework */; };
		A7BD7660247CC6920062A6B3 /* UITypeAlias.swift in Sources */ = {isa = PBXBuildFile; fileRef = A7BD765F247CC6920062A6B3 /* UITypeAlias.swift */; };
		A7BD7668247CCAA80062A6B3 /* AppDelegate.swift in Sources */ = {isa = PBXBuildFile; fileRef = A7BD7667247CCAA80062A6B3 /* AppDelegate.swift */; };
		A7BD766C247CCAAA0062A6B3 /* Assets.xcassets in Resources */ = {isa = PBXBuildFile; fileRef = A7BD766B247CCAAA0062A6B3 /* Assets.xcassets */; };
		A7BD766F247CCAAA0062A6B3 /* Main.storyboard in Resources */ = {isa = PBXBuildFile; fileRef = A7BD766D247CCAAA0062A6B3 /* Main.storyboard */; };
		A7BD7675247CCAC80062A6B3 /* ViewController.swift in Sources */ = {isa = PBXBuildFile; fileRef = 03D13BD32448758900B599B3 /* ViewController.swift */; };
		A7BD7689247E17A30062A6B3 /* UITypeAlias.swift in Sources */ = {isa = PBXBuildFile; fileRef = A7BD765F247CC6920062A6B3 /* UITypeAlias.swift */; };
		A7CA48C424553CF700507435 /* Popover.storyboard in Resources */ = {isa = PBXBuildFile; fileRef = A7CA48C224553CF600507435 /* Popover.storyboard */; };
		A7CA48C624553D3500507435 /* VideoView.swift in Sources */ = {isa = PBXBuildFile; fileRef = A7CA48C524553D3500507435 /* VideoView.swift */; };
		D4046B5D3DE984062E3F6D92 /* Pods_APIExample.framework in Frameworks */ = {isa = PBXBuildFile; fileRef = 07A781F5D5D3783CEC7C8EFA /* Pods_APIExample.framework */; };
/* End PBXBuildFile section */

/* Begin PBXFileReference section */
		03BCEC4F244938C500ED7177 /* BaseViewController.swift */ = {isa = PBXFileReference; lastKnownFileType = sourcecode.swift; path = BaseViewController.swift; sourceTree = "<group>"; };
		03BCEC5724494F3A00ED7177 /* Accelerate.framework */ = {isa = PBXFileReference; lastKnownFileType = wrapper.framework; name = Accelerate.framework; path = System/Library/Frameworks/Accelerate.framework; sourceTree = SDKROOT; };
		03BCEC5924494F4600ED7177 /* AudioToolbox.framework */ = {isa = PBXFileReference; lastKnownFileType = wrapper.framework; name = AudioToolbox.framework; path = System/Library/Frameworks/AudioToolbox.framework; sourceTree = SDKROOT; };
		03BCEC5B24494F4F00ED7177 /* AVFoundation.framework */ = {isa = PBXFileReference; lastKnownFileType = wrapper.framework; name = AVFoundation.framework; path = System/Library/Frameworks/AVFoundation.framework; sourceTree = SDKROOT; };
		03BCEC5D24494F5700ED7177 /* CoreMedia.framework */ = {isa = PBXFileReference; lastKnownFileType = wrapper.framework; name = CoreMedia.framework; path = System/Library/Frameworks/CoreMedia.framework; sourceTree = SDKROOT; };
		03BCEC5F24494F6000ED7177 /* CoreTelephony.framework */ = {isa = PBXFileReference; lastKnownFileType = wrapper.framework; name = CoreTelephony.framework; path = System/Library/Frameworks/CoreTelephony.framework; sourceTree = SDKROOT; };
		03BCEC6124494F6500ED7177 /* CoreML.framework */ = {isa = PBXFileReference; lastKnownFileType = wrapper.framework; name = CoreML.framework; path = System/Library/Frameworks/CoreML.framework; sourceTree = SDKROOT; };
		03BCEC6324494F6D00ED7177 /* CoreMotion.framework */ = {isa = PBXFileReference; lastKnownFileType = wrapper.framework; name = CoreMotion.framework; path = System/Library/Frameworks/CoreMotion.framework; sourceTree = SDKROOT; };
		03BCEC6524494F7400ED7177 /* VideoToolbox.framework */ = {isa = PBXFileReference; lastKnownFileType = wrapper.framework; name = VideoToolbox.framework; path = System/Library/Frameworks/VideoToolbox.framework; sourceTree = SDKROOT; };
		03BCEC6724494F7A00ED7177 /* SystemConfiguration.framework */ = {isa = PBXFileReference; lastKnownFileType = wrapper.framework; name = SystemConfiguration.framework; path = System/Library/Frameworks/SystemConfiguration.framework; sourceTree = SDKROOT; };
		03BCEC6924494F8E00ED7177 /* libc++.tbd */ = {isa = PBXFileReference; lastKnownFileType = "sourcecode.text-based-dylib-definition"; name = "libc++.tbd"; path = "usr/lib/libc++.tbd"; sourceTree = SDKROOT; };
		03BCEC6A24494F9700ED7177 /* libresolv.tbd */ = {isa = PBXFileReference; lastKnownFileType = "sourcecode.text-based-dylib-definition"; name = libresolv.tbd; path = usr/lib/libresolv.tbd; sourceTree = SDKROOT; };
		03BCEC752449EB4F00ED7177 /* LogViewController.swift */ = {isa = PBXFileReference; lastKnownFileType = sourcecode.swift; path = LogViewController.swift; sourceTree = "<group>"; };
		03D13BCC2448758900B599B3 /* APIExample.app */ = {isa = PBXFileReference; explicitFileType = wrapper.application; includeInIndex = 0; path = APIExample.app; sourceTree = BUILT_PRODUCTS_DIR; };
		03D13BCF2448758900B599B3 /* AppDelegate.swift */ = {isa = PBXFileReference; lastKnownFileType = sourcecode.swift; path = AppDelegate.swift; sourceTree = "<group>"; };
		03D13BD32448758900B599B3 /* ViewController.swift */ = {isa = PBXFileReference; lastKnownFileType = sourcecode.swift; path = ViewController.swift; sourceTree = "<group>"; };
		03D13BD62448758900B599B3 /* Base */ = {isa = PBXFileReference; lastKnownFileType = file.storyboard; name = Base; path = Base.lproj/Main.storyboard; sourceTree = "<group>"; };
		03D13BD82448758B00B599B3 /* Assets.xcassets */ = {isa = PBXFileReference; lastKnownFileType = folder.assetcatalog; path = Assets.xcassets; sourceTree = "<group>"; };
		03D13BDB2448758B00B599B3 /* Base */ = {isa = PBXFileReference; lastKnownFileType = file.storyboard; name = Base; path = Base.lproj/LaunchScreen.storyboard; sourceTree = "<group>"; };
		03D13BDD2448758B00B599B3 /* Info.plist */ = {isa = PBXFileReference; lastKnownFileType = text.plist.xml; path = Info.plist; sourceTree = "<group>"; };
		03D13C0024488F1E00B599B3 /* KeyCenter.swift */ = {isa = PBXFileReference; fileEncoding = 4; lastKnownFileType = sourcecode.swift; path = KeyCenter.swift; sourceTree = "<group>"; };
		07A781F5D5D3783CEC7C8EFA /* Pods_APIExample.framework */ = {isa = PBXFileReference; explicitFileType = wrapper.framework; includeInIndex = 0; path = Pods_APIExample.framework; sourceTree = BUILT_PRODUCTS_DIR; };
		3C49960D6F11D44FA9A62337 /* Pods-APIExample-Mac.debug.xcconfig */ = {isa = PBXFileReference; includeInIndex = 1; lastKnownFileType = text.xcconfig; name = "Pods-APIExample-Mac.debug.xcconfig"; path = "Target Support Files/Pods-APIExample-Mac/Pods-APIExample-Mac.debug.xcconfig"; sourceTree = "<group>"; };
		3EA7D4B4D7C9540659392B7F /* Pods-APIExample.debug.xcconfig */ = {isa = PBXFileReference; includeInIndex = 1; lastKnownFileType = text.xcconfig; name = "Pods-APIExample.debug.xcconfig"; path = "Target Support Files/Pods-APIExample/Pods-APIExample.debug.xcconfig"; sourceTree = "<group>"; };
		846AE4340F81DCC00B6F9543 /* Pods-APIExample.release.xcconfig */ = {isa = PBXFileReference; includeInIndex = 1; lastKnownFileType = text.xcconfig; name = "Pods-APIExample.release.xcconfig"; path = "Target Support Files/Pods-APIExample/Pods-APIExample.release.xcconfig"; sourceTree = "<group>"; };
		92FF830485692225436E2D77 /* Pods-APIExample-Mac.release.xcconfig */ = {isa = PBXFileReference; includeInIndex = 1; lastKnownFileType = text.xcconfig; name = "Pods-APIExample-Mac.release.xcconfig"; path = "Target Support Files/Pods-APIExample-Mac/Pods-APIExample-Mac.release.xcconfig"; sourceTree = "<group>"; };
		960FD7C836F90E68E6776106 /* Pods_APIExample_Mac.framework */ = {isa = PBXFileReference; explicitFileType = wrapper.framework; includeInIndex = 0; path = Pods_APIExample_Mac.framework; sourceTree = BUILT_PRODUCTS_DIR; };
		A7584AEF2480B4FE0088FACB /* Popover.storyboard */ = {isa = PBXFileReference; lastKnownFileType = file.storyboard; path = Popover.storyboard; sourceTree = "<group>"; };
		A75A56D424A0603000D0089E /* JoinChannelVideo.swift */ = {isa = PBXFileReference; fileEncoding = 4; lastKnownFileType = sourcecode.swift; path = JoinChannelVideo.swift; sourceTree = "<group>"; };
		A75A56D524A0603000D0089E /* JoinChannelAudio.swift */ = {isa = PBXFileReference; fileEncoding = 4; lastKnownFileType = sourcecode.swift; path = JoinChannelAudio.swift; sourceTree = "<group>"; };
		A75A56D824A0603000D0089E /* RTMPStreaming.swift */ = {isa = PBXFileReference; fileEncoding = 4; lastKnownFileType = sourcecode.swift; path = RTMPStreaming.swift; sourceTree = "<group>"; };
		A75A56D924A0603000D0089E /* VideoMetadata.swift */ = {isa = PBXFileReference; fileEncoding = 4; lastKnownFileType = sourcecode.swift; path = VideoMetadata.swift; sourceTree = "<group>"; };
		A75A56DA24A0603000D0089E /* RTMPInjection.swift */ = {isa = PBXFileReference; fileEncoding = 4; lastKnownFileType = sourcecode.swift; path = RTMPInjection.swift; sourceTree = "<group>"; };
		A75A56E024A06AA600D0089E /* ReplaceSegue.swift */ = {isa = PBXFileReference; fileEncoding = 4; lastKnownFileType = sourcecode.swift; path = ReplaceSegue.swift; sourceTree = "<group>"; };
		A7847F912458062900469187 /* StatisticsInfo.swift */ = {isa = PBXFileReference; fileEncoding = 4; lastKnownFileType = sourcecode.swift; path = StatisticsInfo.swift; sourceTree = "<group>"; };
		A7847F932458089E00469187 /* AgoraExtension.swift */ = {isa = PBXFileReference; fileEncoding = 4; lastKnownFileType = sourcecode.swift; path = AgoraExtension.swift; sourceTree = "<group>"; };
		A7BD765F247CC6920062A6B3 /* UITypeAlias.swift */ = {isa = PBXFileReference; lastKnownFileType = sourcecode.swift; path = UITypeAlias.swift; sourceTree = "<group>"; };
		A7BD7665247CCAA80062A6B3 /* APIExample-Mac.app */ = {isa = PBXFileReference; explicitFileType = wrapper.application; includeInIndex = 0; path = "APIExample-Mac.app"; sourceTree = BUILT_PRODUCTS_DIR; };
		A7BD7667247CCAA80062A6B3 /* AppDelegate.swift */ = {isa = PBXFileReference; lastKnownFileType = sourcecode.swift; path = AppDelegate.swift; sourceTree = "<group>"; };
		A7BD766B247CCAAA0062A6B3 /* Assets.xcassets */ = {isa = PBXFileReference; lastKnownFileType = folder.assetcatalog; path = Assets.xcassets; sourceTree = "<group>"; };
		A7BD766E247CCAAA0062A6B3 /* Base */ = {isa = PBXFileReference; lastKnownFileType = file.storyboard; name = Base; path = Base.lproj/Main.storyboard; sourceTree = "<group>"; };
		A7BD7670247CCAAA0062A6B3 /* Info.plist */ = {isa = PBXFileReference; lastKnownFileType = text.plist.xml; path = Info.plist; sourceTree = "<group>"; };
		A7CA48C324553CF600507435 /* Base */ = {isa = PBXFileReference; lastKnownFileType = file.storyboard; name = Base; path = Base.lproj/Popover.storyboard; sourceTree = "<group>"; };
		A7CA48C524553D3500507435 /* VideoView.swift */ = {isa = PBXFileReference; fileEncoding = 4; lastKnownFileType = sourcecode.swift; path = VideoView.swift; sourceTree = "<group>"; };
/* End PBXFileReference section */

/* Begin PBXFrameworksBuildPhase section */
		03D13BC92448758900B599B3 /* Frameworks */ = {
			isa = PBXFrameworksBuildPhase;
			buildActionMask = 2147483647;
			files = (
				D4046B5D3DE984062E3F6D92 /* Pods_APIExample.framework in Frameworks */,
			);
			runOnlyForDeploymentPostprocessing = 0;
		};
		A7BD7662247CCAA80062A6B3 /* Frameworks */ = {
			isa = PBXFrameworksBuildPhase;
			buildActionMask = 2147483647;
			files = (
				A79DE38E24A33D4500F1A234 /* Pods_APIExample_Mac.framework in Frameworks */,
			);
			runOnlyForDeploymentPostprocessing = 0;
		};
/* End PBXFrameworksBuildPhase section */

/* Begin PBXGroup section */
		03BCEC4C244932E000ED7177 /* Examples */ = {
			isa = PBXGroup;
			children = (
				A75A56D324A0603000D0089E /* Basic */,
				A75A56D724A0603000D0089E /* Advanced */,
				A75A56D624A0603000D0089E /* Quality */,
			);
			path = Examples;
			sourceTree = "<group>";
		};
		03BCEC5624494F3900ED7177 /* Frameworks */ = {
			isa = PBXGroup;
			children = (
				03BCEC6A24494F9700ED7177 /* libresolv.tbd */,
				03BCEC6924494F8E00ED7177 /* libc++.tbd */,
				03BCEC6724494F7A00ED7177 /* SystemConfiguration.framework */,
				03BCEC6524494F7400ED7177 /* VideoToolbox.framework */,
				03BCEC6324494F6D00ED7177 /* CoreMotion.framework */,
				03BCEC6124494F6500ED7177 /* CoreML.framework */,
				03BCEC5F24494F6000ED7177 /* CoreTelephony.framework */,
				03BCEC5D24494F5700ED7177 /* CoreMedia.framework */,
				03BCEC5B24494F4F00ED7177 /* AVFoundation.framework */,
				03BCEC5924494F4600ED7177 /* AudioToolbox.framework */,
				03BCEC5724494F3A00ED7177 /* Accelerate.framework */,
				07A781F5D5D3783CEC7C8EFA /* Pods_APIExample.framework */,
				960FD7C836F90E68E6776106 /* Pods_APIExample_Mac.framework */,
			);
			name = Frameworks;
			sourceTree = "<group>";
		};
		03D13BC32448758900B599B3 = {
			isa = PBXGroup;
			children = (
				03D13BCE2448758900B599B3 /* APIExample */,
				A7BD7666247CCAA80062A6B3 /* APIExample-Mac */,
				03D13BCD2448758900B599B3 /* Products */,
				03BCEC5624494F3900ED7177 /* Frameworks */,
				FD17F473C6A05604A44BDDDE /* Pods */,
			);
			sourceTree = "<group>";
		};
		03D13BCD2448758900B599B3 /* Products */ = {
			isa = PBXGroup;
			children = (
				03D13BCC2448758900B599B3 /* APIExample.app */,
				A7BD7665247CCAA80062A6B3 /* APIExample-Mac.app */,
			);
			name = Products;
			sourceTree = "<group>";
		};
		03D13BCE2448758900B599B3 /* APIExample */ = {
			isa = PBXGroup;
			children = (
				03D13BD52448758900B599B3 /* Main.storyboard */,
				A7CA48C224553CF600507435 /* Popover.storyboard */,
				03D13BD32448758900B599B3 /* ViewController.swift */,
				03BCEC4C244932E000ED7177 /* Examples */,
				03D13BFF24488F1E00B599B3 /* Common */,
				A7CA48BF2455315A00507435 /* Supporting Files */,
			);
			path = APIExample;
			sourceTree = "<group>";
		};
		03D13BFF24488F1E00B599B3 /* Common */ = {
			isa = PBXGroup;
			children = (
				03D13C0024488F1E00B599B3 /* KeyCenter.swift */,
				A7847F932458089E00469187 /* AgoraExtension.swift */,
				A7847F912458062900469187 /* StatisticsInfo.swift */,
				A7CA48C524553D3500507435 /* VideoView.swift */,
				03BCEC4F244938C500ED7177 /* BaseViewController.swift */,
				03BCEC752449EB4F00ED7177 /* LogViewController.swift */,
				A7BD765F247CC6920062A6B3 /* UITypeAlias.swift */,
			);
			path = Common;
			sourceTree = "<group>";
		};
		A70FE7B92489F07000C38E3C /* Supporting Files */ = {
			isa = PBXGroup;
			children = (
				A7BD7667247CCAA80062A6B3 /* AppDelegate.swift */,
				A7BD766B247CCAAA0062A6B3 /* Assets.xcassets */,
				A7BD7670247CCAAA0062A6B3 /* Info.plist */,
			);
			name = "Supporting Files";
			sourceTree = "<group>";
		};
		A75A56D324A0603000D0089E /* Basic */ = {
			isa = PBXGroup;
			children = (
				A75A56D424A0603000D0089E /* JoinChannelVideo.swift */,
				A75A56D524A0603000D0089E /* JoinChannelAudio.swift */,
			);
			path = Basic;
			sourceTree = "<group>";
		};
		A75A56D624A0603000D0089E /* Quality */ = {
			isa = PBXGroup;
			children = (
			);
			path = Quality;
			sourceTree = "<group>";
		};
		A75A56D724A0603000D0089E /* Advanced */ = {
			isa = PBXGroup;
			children = (
				A75A56D924A0603000D0089E /* VideoMetadata.swift */,
				A75A56D824A0603000D0089E /* RTMPStreaming.swift */,
				A75A56DA24A0603000D0089E /* RTMPInjection.swift */,
			);
			path = Advanced;
			sourceTree = "<group>";
		};
		A7BD7666247CCAA80062A6B3 /* APIExample-Mac */ = {
			isa = PBXGroup;
			children = (
				A75A56E024A06AA600D0089E /* ReplaceSegue.swift */,
				A7BD766D247CCAAA0062A6B3 /* Main.storyboard */,
				A7584AEF2480B4FE0088FACB /* Popover.storyboard */,
				A70FE7B92489F07000C38E3C /* Supporting Files */,
			);
			path = "APIExample-Mac";
			sourceTree = "<group>";
		};
		A7CA48BF2455315A00507435 /* Supporting Files */ = {
			isa = PBXGroup;
			children = (
				03D13BDD2448758B00B599B3 /* Info.plist */,
				03D13BCF2448758900B599B3 /* AppDelegate.swift */,
				03D13BD82448758B00B599B3 /* Assets.xcassets */,
				03D13BDA2448758B00B599B3 /* LaunchScreen.storyboard */,
			);
			name = "Supporting Files";
			sourceTree = "<group>";
		};
		FD17F473C6A05604A44BDDDE /* Pods */ = {
			isa = PBXGroup;
			children = (
				3EA7D4B4D7C9540659392B7F /* Pods-APIExample.debug.xcconfig */,
				846AE4340F81DCC00B6F9543 /* Pods-APIExample.release.xcconfig */,
				3C49960D6F11D44FA9A62337 /* Pods-APIExample-Mac.debug.xcconfig */,
				92FF830485692225436E2D77 /* Pods-APIExample-Mac.release.xcconfig */,
			);
			path = Pods;
			sourceTree = "<group>";
		};
/* End PBXGroup section */

/* Begin PBXNativeTarget section */
		03D13BCB2448758900B599B3 /* APIExample */ = {
			isa = PBXNativeTarget;
			buildConfigurationList = 03D13BF62448758C00B599B3 /* Build configuration list for PBXNativeTarget "APIExample" */;
			buildPhases = (
				1FB0065EAD03F6DC0B23BF67 /* [CP] Check Pods Manifest.lock */,
				03D13BC82448758900B599B3 /* Sources */,
				03D13BC92448758900B599B3 /* Frameworks */,
				03D13BCA2448758900B599B3 /* Resources */,
				1B6F6CF9B678035E221EAFDE /* [CP] Embed Pods Frameworks */,
			);
			buildRules = (
			);
			dependencies = (
			);
			name = APIExample;
			productName = APIExample;
			productReference = 03D13BCC2448758900B599B3 /* APIExample.app */;
			productType = "com.apple.product-type.application";
		};
		A7BD7664247CCAA80062A6B3 /* APIExample-Mac */ = {
			isa = PBXNativeTarget;
			buildConfigurationList = A7BD7672247CCAAA0062A6B3 /* Build configuration list for PBXNativeTarget "APIExample-Mac" */;
			buildPhases = (
				8966A57798E678D277A97872 /* [CP] Check Pods Manifest.lock */,
				A7BD7661247CCAA80062A6B3 /* Sources */,
				A7BD7662247CCAA80062A6B3 /* Frameworks */,
				A7BD7663247CCAA80062A6B3 /* Resources */,
				6456D1C22C04E72264E1E45E /* [CP] Embed Pods Frameworks */,
			);
			buildRules = (
			);
			dependencies = (
			);
			name = "APIExample-Mac";
			productName = "APIExample-Mac";
			productReference = A7BD7665247CCAA80062A6B3 /* APIExample-Mac.app */;
			productType = "com.apple.product-type.application";
		};
/* End PBXNativeTarget section */

/* Begin PBXProject section */
		03D13BC42448758900B599B3 /* Project object */ = {
			isa = PBXProject;
			attributes = {
				LastSwiftUpdateCheck = 1120;
				LastUpgradeCheck = 1130;
				ORGANIZATIONNAME = "Agora Corp";
				TargetAttributes = {
					03D13BCB2448758900B599B3 = {
						CreatedOnToolsVersion = 11.3.1;
					};
					A7BD7664247CCAA80062A6B3 = {
						CreatedOnToolsVersion = 11.2.1;
					};
				};
			};
			buildConfigurationList = 03D13BC72448758900B599B3 /* Build configuration list for PBXProject "APIExample" */;
			compatibilityVersion = "Xcode 9.3";
			developmentRegion = en;
			hasScannedForEncodings = 0;
			knownRegions = (
				en,
				Base,
			);
			mainGroup = 03D13BC32448758900B599B3;
			productRefGroup = 03D13BCD2448758900B599B3 /* Products */;
			projectDirPath = "";
			projectRoot = "";
			targets = (
				03D13BCB2448758900B599B3 /* APIExample */,
				A7BD7664247CCAA80062A6B3 /* APIExample-Mac */,
			);
		};
/* End PBXProject section */

/* Begin PBXResourcesBuildPhase section */
		03D13BCA2448758900B599B3 /* Resources */ = {
			isa = PBXResourcesBuildPhase;
			buildActionMask = 2147483647;
			files = (
				A7CA48C424553CF700507435 /* Popover.storyboard in Resources */,
				03D13BDC2448758B00B599B3 /* LaunchScreen.storyboard in Resources */,
				03D13BD92448758B00B599B3 /* Assets.xcassets in Resources */,
				03D13BD72448758900B599B3 /* Main.storyboard in Resources */,
			);
			runOnlyForDeploymentPostprocessing = 0;
		};
		A7BD7663247CCAA80062A6B3 /* Resources */ = {
			isa = PBXResourcesBuildPhase;
			buildActionMask = 2147483647;
			files = (
				A7BD766C247CCAAA0062A6B3 /* Assets.xcassets in Resources */,
				A7584AF02480B4FE0088FACB /* Popover.storyboard in Resources */,
				A7BD766F247CCAAA0062A6B3 /* Main.storyboard in Resources */,
			);
			runOnlyForDeploymentPostprocessing = 0;
		};
/* End PBXResourcesBuildPhase section */

/* Begin PBXShellScriptBuildPhase section */
		1B6F6CF9B678035E221EAFDE /* [CP] Embed Pods Frameworks */ = {
			isa = PBXShellScriptBuildPhase;
			buildActionMask = 2147483647;
			files = (
			);
			inputFileListPaths = (
				"${PODS_ROOT}/Target Support Files/Pods-APIExample/Pods-APIExample-frameworks-${CONFIGURATION}-input-files.xcfilelist",
			);
			name = "[CP] Embed Pods Frameworks";
			outputFileListPaths = (
				"${PODS_ROOT}/Target Support Files/Pods-APIExample/Pods-APIExample-frameworks-${CONFIGURATION}-output-files.xcfilelist",
			);
			runOnlyForDeploymentPostprocessing = 0;
			shellPath = /bin/sh;
			shellScript = "\"${PODS_ROOT}/Target Support Files/Pods-APIExample/Pods-APIExample-frameworks.sh\"\n";
			showEnvVarsInLog = 0;
		};
		1FB0065EAD03F6DC0B23BF67 /* [CP] Check Pods Manifest.lock */ = {
			isa = PBXShellScriptBuildPhase;
			buildActionMask = 2147483647;
			files = (
			);
			inputFileListPaths = (
			);
			inputPaths = (
				"${PODS_PODFILE_DIR_PATH}/Podfile.lock",
				"${PODS_ROOT}/Manifest.lock",
			);
			name = "[CP] Check Pods Manifest.lock";
			outputFileListPaths = (
			);
			outputPaths = (
				"$(DERIVED_FILE_DIR)/Pods-APIExample-checkManifestLockResult.txt",
			);
			runOnlyForDeploymentPostprocessing = 0;
			shellPath = /bin/sh;
			shellScript = "diff \"${PODS_PODFILE_DIR_PATH}/Podfile.lock\" \"${PODS_ROOT}/Manifest.lock\" > /dev/null\nif [ $? != 0 ] ; then\n    # print error to STDERR\n    echo \"error: The sandbox is not in sync with the Podfile.lock. Run 'pod install' or update your CocoaPods installation.\" >&2\n    exit 1\nfi\n# This output is used by Xcode 'outputs' to avoid re-running this script phase.\necho \"SUCCESS\" > \"${SCRIPT_OUTPUT_FILE_0}\"\n";
			showEnvVarsInLog = 0;
		};
		6456D1C22C04E72264E1E45E /* [CP] Embed Pods Frameworks */ = {
			isa = PBXShellScriptBuildPhase;
			buildActionMask = 2147483647;
			files = (
			);
			inputFileListPaths = (
				"${PODS_ROOT}/Target Support Files/Pods-APIExample-Mac/Pods-APIExample-Mac-frameworks-${CONFIGURATION}-input-files.xcfilelist",
			);
			name = "[CP] Embed Pods Frameworks";
			outputFileListPaths = (
				"${PODS_ROOT}/Target Support Files/Pods-APIExample-Mac/Pods-APIExample-Mac-frameworks-${CONFIGURATION}-output-files.xcfilelist",
			);
			runOnlyForDeploymentPostprocessing = 0;
			shellPath = /bin/sh;
			shellScript = "\"${PODS_ROOT}/Target Support Files/Pods-APIExample-Mac/Pods-APIExample-Mac-frameworks.sh\"\n";
			showEnvVarsInLog = 0;
		};
		8966A57798E678D277A97872 /* [CP] Check Pods Manifest.lock */ = {
			isa = PBXShellScriptBuildPhase;
			buildActionMask = 2147483647;
			files = (
			);
			inputFileListPaths = (
			);
			inputPaths = (
				"${PODS_PODFILE_DIR_PATH}/Podfile.lock",
				"${PODS_ROOT}/Manifest.lock",
			);
			name = "[CP] Check Pods Manifest.lock";
			outputFileListPaths = (
			);
			outputPaths = (
				"$(DERIVED_FILE_DIR)/Pods-APIExample-Mac-checkManifestLockResult.txt",
			);
			runOnlyForDeploymentPostprocessing = 0;
			shellPath = /bin/sh;
			shellScript = "diff \"${PODS_PODFILE_DIR_PATH}/Podfile.lock\" \"${PODS_ROOT}/Manifest.lock\" > /dev/null\nif [ $? != 0 ] ; then\n    # print error to STDERR\n    echo \"error: The sandbox is not in sync with the Podfile.lock. Run 'pod install' or update your CocoaPods installation.\" >&2\n    exit 1\nfi\n# This output is used by Xcode 'outputs' to avoid re-running this script phase.\necho \"SUCCESS\" > \"${SCRIPT_OUTPUT_FILE_0}\"\n";
			showEnvVarsInLog = 0;
		};
/* End PBXShellScriptBuildPhase section */

/* Begin PBXSourcesBuildPhase section */
		03D13BC82448758900B599B3 /* Sources */ = {
			isa = PBXSourcesBuildPhase;
			buildActionMask = 2147483647;
			files = (
				03D13BD42448758900B599B3 /* ViewController.swift in Sources */,
				8407E0942472320800AC5DE8 /* (null) in Sources */,
				A75A56DB24A0603100D0089E /* JoinChannelVideo.swift in Sources */,
				A7BD7660247CC6920062A6B3 /* UITypeAlias.swift in Sources */,
				03D13C0124488F1F00B599B3 /* KeyCenter.swift in Sources */,
				A75A56DE24A0603100D0089E /* VideoMetadata.swift in Sources */,
				A75A56DF24A0603100D0089E /* RTMPInjection.swift in Sources */,
				A75A56DC24A0603100D0089E /* JoinChannelAudio.swift in Sources */,
				A75A56DD24A0603100D0089E /* RTMPStreaming.swift in Sources */,
				A7CA48C624553D3500507435 /* VideoView.swift in Sources */,
				03D13BD02448758900B599B3 /* AppDelegate.swift in Sources */,
				A7847F922458062900469187 /* StatisticsInfo.swift in Sources */,
				03BCEC762449EB5000ED7177 /* LogViewController.swift in Sources */,
				A7847F942458089E00469187 /* AgoraExtension.swift in Sources */,
				03BCEC50244938C500ED7177 /* BaseViewController.swift in Sources */,
			);
			runOnlyForDeploymentPostprocessing = 0;
		};
		A7BD7661247CCAA80062A6B3 /* Sources */ = {
			isa = PBXSourcesBuildPhase;
			buildActionMask = 2147483647;
			files = (
				A7BD7675247CCAC80062A6B3 /* ViewController.swift in Sources */,
				A75A56E224A06DBC00D0089E /* JoinChannelVideo.swift in Sources */,
				A70FE7B52489EEEA00C38E3C /* VideoView.swift in Sources */,
				A70FE7B42489EEC000C38E3C /* (null) in Sources */,
				A7584B062480E18A0088FACB /* LogViewController.swift in Sources */,
				A77E575124A89AFF00DD7670 /* JoinChannelAudio.swift in Sources */,
				A7584B052480C0F80088FACB /* BaseViewController.swift in Sources */,
				A7BD7668247CCAA80062A6B3 /* AppDelegate.swift in Sources */,
				A75A56E124A06AA600D0089E /* ReplaceSegue.swift in Sources */,
				A70FE7B62489EF3800C38E3C /* StatisticsInfo.swift in Sources */,
				A70FE7B72489EFC200C38E3C /* KeyCenter.swift in Sources */,
				A70FE7B82489F04500C38E3C /* AgoraExtension.swift in Sources */,
				A7BD7689247E17A30062A6B3 /* UITypeAlias.swift in Sources */,
			);
			runOnlyForDeploymentPostprocessing = 0;
		};
/* End PBXSourcesBuildPhase section */

/* Begin PBXVariantGroup section */
		03D13BD52448758900B599B3 /* Main.storyboard */ = {
			isa = PBXVariantGroup;
			children = (
				03D13BD62448758900B599B3 /* Base */,
			);
			name = Main.storyboard;
			sourceTree = "<group>";
		};
		03D13BDA2448758B00B599B3 /* LaunchScreen.storyboard */ = {
			isa = PBXVariantGroup;
			children = (
				03D13BDB2448758B00B599B3 /* Base */,
			);
			name = LaunchScreen.storyboard;
			sourceTree = "<group>";
		};
		A7BD766D247CCAAA0062A6B3 /* Main.storyboard */ = {
			isa = PBXVariantGroup;
			children = (
				A7BD766E247CCAAA0062A6B3 /* Base */,
			);
			name = Main.storyboard;
			sourceTree = "<group>";
		};
		A7CA48C224553CF600507435 /* Popover.storyboard */ = {
			isa = PBXVariantGroup;
			children = (
				A7CA48C324553CF600507435 /* Base */,
			);
			name = Popover.storyboard;
			sourceTree = "<group>";
		};
/* End PBXVariantGroup section */

/* Begin XCBuildConfiguration section */
		03D13BF42448758C00B599B3 /* Debug */ = {
			isa = XCBuildConfiguration;
			buildSettings = {
				ALWAYS_SEARCH_USER_PATHS = NO;
				CLANG_ANALYZER_NONNULL = YES;
				CLANG_ANALYZER_NUMBER_OBJECT_CONVERSION = YES_AGGRESSIVE;
				CLANG_CXX_LANGUAGE_STANDARD = "gnu++14";
				CLANG_CXX_LIBRARY = "libc++";
				CLANG_ENABLE_MODULES = YES;
				CLANG_ENABLE_OBJC_ARC = YES;
				CLANG_ENABLE_OBJC_WEAK = YES;
				CLANG_WARN_BLOCK_CAPTURE_AUTORELEASING = YES;
				CLANG_WARN_BOOL_CONVERSION = YES;
				CLANG_WARN_COMMA = YES;
				CLANG_WARN_CONSTANT_CONVERSION = YES;
				CLANG_WARN_DEPRECATED_OBJC_IMPLEMENTATIONS = YES;
				CLANG_WARN_DIRECT_OBJC_ISA_USAGE = YES_ERROR;
				CLANG_WARN_DOCUMENTATION_COMMENTS = YES;
				CLANG_WARN_EMPTY_BODY = YES;
				CLANG_WARN_ENUM_CONVERSION = YES;
				CLANG_WARN_INFINITE_RECURSION = YES;
				CLANG_WARN_INT_CONVERSION = YES;
				CLANG_WARN_NON_LITERAL_NULL_CONVERSION = YES;
				CLANG_WARN_OBJC_IMPLICIT_RETAIN_SELF = YES;
				CLANG_WARN_OBJC_LITERAL_CONVERSION = YES;
				CLANG_WARN_OBJC_ROOT_CLASS = YES_ERROR;
				CLANG_WARN_RANGE_LOOP_ANALYSIS = YES;
				CLANG_WARN_STRICT_PROTOTYPES = YES;
				CLANG_WARN_SUSPICIOUS_MOVE = YES;
				CLANG_WARN_UNGUARDED_AVAILABILITY = YES_AGGRESSIVE;
				CLANG_WARN_UNREACHABLE_CODE = YES;
				CLANG_WARN__DUPLICATE_METHOD_MATCH = YES;
				COPY_PHASE_STRIP = NO;
				DEBUG_INFORMATION_FORMAT = dwarf;
				ENABLE_STRICT_OBJC_MSGSEND = YES;
				ENABLE_TESTABILITY = YES;
				GCC_C_LANGUAGE_STANDARD = gnu11;
				GCC_DYNAMIC_NO_PIC = NO;
				GCC_NO_COMMON_BLOCKS = YES;
				GCC_OPTIMIZATION_LEVEL = 0;
				GCC_PREPROCESSOR_DEFINITIONS = (
					"DEBUG=1",
					"$(inherited)",
				);
				GCC_WARN_64_TO_32_BIT_CONVERSION = YES;
				GCC_WARN_ABOUT_RETURN_TYPE = YES_ERROR;
				GCC_WARN_UNDECLARED_SELECTOR = YES;
				GCC_WARN_UNINITIALIZED_AUTOS = YES_AGGRESSIVE;
				GCC_WARN_UNUSED_FUNCTION = YES;
				GCC_WARN_UNUSED_VARIABLE = YES;
				IPHONEOS_DEPLOYMENT_TARGET = 13.2;
				MTL_ENABLE_DEBUG_INFO = INCLUDE_SOURCE;
				MTL_FAST_MATH = YES;
				ONLY_ACTIVE_ARCH = YES;
				SDKROOT = iphoneos;
				SWIFT_ACTIVE_COMPILATION_CONDITIONS = DEBUG;
				SWIFT_OPTIMIZATION_LEVEL = "-Onone";
			};
			name = Debug;
		};
		03D13BF52448758C00B599B3 /* Release */ = {
			isa = XCBuildConfiguration;
			buildSettings = {
				ALWAYS_SEARCH_USER_PATHS = NO;
				CLANG_ANALYZER_NONNULL = YES;
				CLANG_ANALYZER_NUMBER_OBJECT_CONVERSION = YES_AGGRESSIVE;
				CLANG_CXX_LANGUAGE_STANDARD = "gnu++14";
				CLANG_CXX_LIBRARY = "libc++";
				CLANG_ENABLE_MODULES = YES;
				CLANG_ENABLE_OBJC_ARC = YES;
				CLANG_ENABLE_OBJC_WEAK = YES;
				CLANG_WARN_BLOCK_CAPTURE_AUTORELEASING = YES;
				CLANG_WARN_BOOL_CONVERSION = YES;
				CLANG_WARN_COMMA = YES;
				CLANG_WARN_CONSTANT_CONVERSION = YES;
				CLANG_WARN_DEPRECATED_OBJC_IMPLEMENTATIONS = YES;
				CLANG_WARN_DIRECT_OBJC_ISA_USAGE = YES_ERROR;
				CLANG_WARN_DOCUMENTATION_COMMENTS = YES;
				CLANG_WARN_EMPTY_BODY = YES;
				CLANG_WARN_ENUM_CONVERSION = YES;
				CLANG_WARN_INFINITE_RECURSION = YES;
				CLANG_WARN_INT_CONVERSION = YES;
				CLANG_WARN_NON_LITERAL_NULL_CONVERSION = YES;
				CLANG_WARN_OBJC_IMPLICIT_RETAIN_SELF = YES;
				CLANG_WARN_OBJC_LITERAL_CONVERSION = YES;
				CLANG_WARN_OBJC_ROOT_CLASS = YES_ERROR;
				CLANG_WARN_RANGE_LOOP_ANALYSIS = YES;
				CLANG_WARN_STRICT_PROTOTYPES = YES;
				CLANG_WARN_SUSPICIOUS_MOVE = YES;
				CLANG_WARN_UNGUARDED_AVAILABILITY = YES_AGGRESSIVE;
				CLANG_WARN_UNREACHABLE_CODE = YES;
				CLANG_WARN__DUPLICATE_METHOD_MATCH = YES;
				COPY_PHASE_STRIP = NO;
				DEBUG_INFORMATION_FORMAT = "dwarf-with-dsym";
				ENABLE_NS_ASSERTIONS = NO;
				ENABLE_STRICT_OBJC_MSGSEND = YES;
				GCC_C_LANGUAGE_STANDARD = gnu11;
				GCC_NO_COMMON_BLOCKS = YES;
				GCC_WARN_64_TO_32_BIT_CONVERSION = YES;
				GCC_WARN_ABOUT_RETURN_TYPE = YES_ERROR;
				GCC_WARN_UNDECLARED_SELECTOR = YES;
				GCC_WARN_UNINITIALIZED_AUTOS = YES_AGGRESSIVE;
				GCC_WARN_UNUSED_FUNCTION = YES;
				GCC_WARN_UNUSED_VARIABLE = YES;
				IPHONEOS_DEPLOYMENT_TARGET = 13.2;
				MTL_ENABLE_DEBUG_INFO = NO;
				MTL_FAST_MATH = YES;
				SDKROOT = iphoneos;
				SWIFT_COMPILATION_MODE = wholemodule;
				SWIFT_OPTIMIZATION_LEVEL = "-O";
				VALIDATE_PRODUCT = YES;
			};
			name = Release;
		};
		03D13BF72448758C00B599B3 /* Debug */ = {
			isa = XCBuildConfiguration;
			baseConfigurationReference = 3EA7D4B4D7C9540659392B7F /* Pods-APIExample.debug.xcconfig */;
			buildSettings = {
				ASSETCATALOG_COMPILER_APPICON_NAME = AppIcon;
				CODE_SIGN_IDENTITY = "iPhone Developer";
				CODE_SIGN_STYLE = Manual;
				DEVELOPMENT_TEAM = SW3CA7M752;
				FRAMEWORK_SEARCH_PATHS = (
					"$(inherited)",
					"$(PROJECT_DIR)/APIExample",
				);
				INFOPLIST_FILE = APIExample/Info.plist;
				IPHONEOS_DEPLOYMENT_TARGET = 11.0;
				LD_RUNPATH_SEARCH_PATHS = (
					"$(inherited)",
					"@executable_path/Frameworks",
				);
				PRODUCT_BUNDLE_IDENTIFIER = io.agora.api.example;
				PRODUCT_NAME = "$(TARGET_NAME)";
				PROVISIONING_PROFILE_SPECIFIER = AgoraAppsDevProfile;
				SWIFT_VERSION = 5.0;
				TARGETED_DEVICE_FAMILY = "1,2";
			};
			name = Debug;
		};
		03D13BF82448758C00B599B3 /* Release */ = {
			isa = XCBuildConfiguration;
			baseConfigurationReference = 846AE4340F81DCC00B6F9543 /* Pods-APIExample.release.xcconfig */;
			buildSettings = {
				ASSETCATALOG_COMPILER_APPICON_NAME = AppIcon;
				CODE_SIGN_IDENTITY = "iPhone Developer";
				CODE_SIGN_STYLE = Manual;
				DEVELOPMENT_TEAM = SW3CA7M752;
				FRAMEWORK_SEARCH_PATHS = (
					"$(inherited)",
					"$(PROJECT_DIR)/APIExample",
				);
				INFOPLIST_FILE = APIExample/Info.plist;
				IPHONEOS_DEPLOYMENT_TARGET = 11.0;
				LD_RUNPATH_SEARCH_PATHS = (
					"$(inherited)",
					"@executable_path/Frameworks",
				);
				PRODUCT_BUNDLE_IDENTIFIER = io.agora.api.example;
				PRODUCT_NAME = "$(TARGET_NAME)";
				PROVISIONING_PROFILE_SPECIFIER = AgoraAppsDevProfile;
				SWIFT_VERSION = 5.0;
				TARGETED_DEVICE_FAMILY = "1,2";
			};
			name = Release;
		};
		A7BD7673247CCAAA0062A6B3 /* Debug */ = {
			isa = XCBuildConfiguration;
			baseConfigurationReference = 3C49960D6F11D44FA9A62337 /* Pods-APIExample-Mac.debug.xcconfig */;
			buildSettings = {
				ASSETCATALOG_COMPILER_APPICON_NAME = AppIcon;
				CODE_SIGN_IDENTITY = "-";
				CODE_SIGN_STYLE = Manual;
				COMBINE_HIDPI_IMAGES = YES;
				DEVELOPMENT_TEAM = "";
				ENABLE_HARDENED_RUNTIME = NO;
				INFOPLIST_FILE = "APIExample-Mac/Info.plist";
				LD_RUNPATH_SEARCH_PATHS = (
					"$(inherited)",
					"@executable_path/../Frameworks",
				);
				MACOSX_DEPLOYMENT_TARGET = 10.15;
				PRODUCT_BUNDLE_IDENTIFIER = "io.agora.api.example-mac";
				PRODUCT_NAME = "$(TARGET_NAME)";
				PROVISIONING_PROFILE_SPECIFIER = "";
				SDKROOT = macosx;
				SWIFT_VERSION = 5.0;
			};
			name = Debug;
		};
		A7BD7674247CCAAA0062A6B3 /* Release */ = {
			isa = XCBuildConfiguration;
			baseConfigurationReference = 92FF830485692225436E2D77 /* Pods-APIExample-Mac.release.xcconfig */;
			buildSettings = {
				ASSETCATALOG_COMPILER_APPICON_NAME = AppIcon;
				CODE_SIGN_IDENTITY = "-";
				CODE_SIGN_STYLE = Manual;
				COMBINE_HIDPI_IMAGES = YES;
				DEVELOPMENT_TEAM = "";
				ENABLE_HARDENED_RUNTIME = NO;
				INFOPLIST_FILE = "APIExample-Mac/Info.plist";
				LD_RUNPATH_SEARCH_PATHS = (
					"$(inherited)",
					"@executable_path/../Frameworks",
				);
				MACOSX_DEPLOYMENT_TARGET = 10.15;
				PRODUCT_BUNDLE_IDENTIFIER = "io.agora.api.example-mac";
				PRODUCT_NAME = "$(TARGET_NAME)";
				PROVISIONING_PROFILE_SPECIFIER = "";
				SDKROOT = macosx;
				SWIFT_VERSION = 5.0;
			};
			name = Release;
		};
/* End XCBuildConfiguration section */

/* Begin XCConfigurationList section */
		03D13BC72448758900B599B3 /* Build configuration list for PBXProject "APIExample" */ = {
			isa = XCConfigurationList;
			buildConfigurations = (
				03D13BF42448758C00B599B3 /* Debug */,
				03D13BF52448758C00B599B3 /* Release */,
			);
			defaultConfigurationIsVisible = 0;
			defaultConfigurationName = Release;
		};
		03D13BF62448758C00B599B3 /* Build configuration list for PBXNativeTarget "APIExample" */ = {
			isa = XCConfigurationList;
			buildConfigurations = (
				03D13BF72448758C00B599B3 /* Debug */,
				03D13BF82448758C00B599B3 /* Release */,
			);
			defaultConfigurationIsVisible = 0;
			defaultConfigurationName = Release;
		};
		A7BD7672247CCAAA0062A6B3 /* Build configuration list for PBXNativeTarget "APIExample-Mac" */ = {
			isa = XCConfigurationList;
			buildConfigurations = (
				A7BD7673247CCAAA0062A6B3 /* Debug */,
				A7BD7674247CCAAA0062A6B3 /* Release */,
			);
			defaultConfigurationIsVisible = 0;
			defaultConfigurationName = Release;
		};
/* End XCConfigurationList section */
	};
	rootObject = 03D13BC42448758900B599B3 /* Project object */;
}
