<?xml version="1.0" encoding="utf-8"?>
<Project ToolsVersion="4.0" xmlns="http://schemas.microsoft.com/developer/msbuild/2003">
  <ItemGroup>
    <Filter Include="Source Files">
      <UniqueIdentifier>{4FC737F1-C7A5-4376-A066-2A32D752A2FF}</UniqueIdentifier>
      <Extensions>cpp;c;cc;cxx;def;odl;idl;hpj;bat;asm;asmx</Extensions>
    </Filter>
    <Filter Include="Header Files">
      <UniqueIdentifier>{93995380-89BD-4b04-88EB-625FBE52EBFB}</UniqueIdentifier>
      <Extensions>h;hh;hpp;hxx;hm;inl;inc;ipp;xsd</Extensions>
    </Filter>
    <Filter Include="Resource Files">
      <UniqueIdentifier>{67DA6AB6-F800-4c08-8B7A-83BB121AAD01}</UniqueIdentifier>
      <Extensions>rc;ico;cur;bmp;dlg;rc2;rct;bin;rgs;gif;jpg;jpeg;jpe;resx;tiff;tif;png;wav;mfcribbon-ms</Extensions>
    </Filter>
    <Filter Include="AgoraScenes">
      <UniqueIdentifier>{9dd91176-d193-43d5-81b7-29b569354c08}</UniqueIdentifier>
    </Filter>
    <Filter Include="AgoraScenes\BasicAudioVideo">
      <UniqueIdentifier>{c9bd8487-5034-44ea-87af-024907a3d076}</UniqueIdentifier>
    </Filter>
    <Filter Include="AgoraScenes\BasicAudioVideo\1V1">
      <UniqueIdentifier>{75fc07e2-935d-4c8b-aaea-bc1740a59b25}</UniqueIdentifier>
    </Filter>
    <Filter Include="AgoraScenes\LiveStreaming">
      <UniqueIdentifier>{cfa9ef13-7ec9-491f-8a27-2ddb1d8a2d50}</UniqueIdentifier>
    </Filter>
    <Filter Include="AgoraScenes\LiveStreaming\RtmpInjection">
      <UniqueIdentifier>{11ea4160-a584-42b0-80f1-323436cfbfe0}</UniqueIdentifier>
    </Filter>
    <Filter Include="AgoraScenes\LiveStreaming\RtmpStreaming">
      <UniqueIdentifier>{1ffff1e1-2b56-4ca5-a457-5b92c01a5e19}</UniqueIdentifier>
    </Filter>
  </ItemGroup>
  <ItemGroup>
    <ClInclude Include="API-Example-Windows.h">
      <Filter>Header Files</Filter>
    </ClInclude>
    <ClInclude Include="API-Example-WindowsDlg.h">
      <Filter>Header Files</Filter>
    </ClInclude>
    <ClInclude Include="stdafx.h">
      <Filter>Header Files</Filter>
    </ClInclude>
    <ClInclude Include="targetver.h">
      <Filter>Header Files</Filter>
    </ClInclude>
    <ClInclude Include="Resource.h">
      <Filter>Header Files</Filter>
    </ClInclude>
    <ClInclude Include="CAgora1V1Dlg.h">
      <Filter>AgoraScenes\BasicAudioVideo\1V1</Filter>
    </ClInclude>
    <ClInclude Include="CAgoraRtmpInjectionDlg.h">
      <Filter>AgoraScenes\LiveStreaming\RtmpInjection</Filter>
    </ClInclude>
    <ClInclude Include="CAgoraRtmpStreamingDlg.h">
      <Filter>AgoraScenes\LiveStreaming\RtmpStreaming</Filter>
    </ClInclude>
  </ItemGroup>
  <ItemGroup>
    <ClCompile Include="API-Example-Windows.cpp">
      <Filter>Source Files</Filter>
    </ClCompile>
    <ClCompile Include="API-Example-WindowsDlg.cpp">
      <Filter>Source Files</Filter>
    </ClCompile>
    <ClCompile Include="stdafx.cpp">
      <Filter>Source Files</Filter>
    </ClCompile>
    <ClCompile Include="CAgora1V1Dlg.cpp">
      <Filter>AgoraScenes\BasicAudioVideo\1V1</Filter>
    </ClCompile>
    <ClCompile Include="CAgoraRtmpInjectionDlg.cpp">
      <Filter>AgoraScenes\LiveStreaming\RtmpInjection</Filter>
    </ClCompile>
    <ClCompile Include="CAgoraRtmpStreamingDlg.cpp">
      <Filter>AgoraScenes\LiveStreaming\RtmpStreaming</Filter>
    </ClCompile>
  </ItemGroup>
  <ItemGroup>
    <ResourceCompile Include="APIExampleWindows.rc">
      <Filter>Resource Files</Filter>
    </ResourceCompile>
  </ItemGroup>
  <ItemGroup>
    <None Include="res\APIExampleWindows.rc2">
      <Filter>Resource Files</Filter>
    </None>
  </ItemGroup>
  <ItemGroup>
    <Image Include="res\API-Example-Windows.ico">
      <Filter>Resource Files</Filter>
    </Image>
  </ItemGroup>
</Project>